// !$*UTF8*$!
{
	archiveVersion = 1;
	classes = {
	};
	objectVersion = 48;
	objects = {

/* Begin PBXBuildFile section */
		DDBD76601FDE5A2C00F81B2B /* AppDelegate.swift in Sources */ = {isa = PBXBuildFile; fileRef = DDBD765F1FDE5A2C00F81B2B /* AppDelegate.swift */; };
		DDBD76621FDE5A2C00F81B2B /* ViewController.swift in Sources */ = {isa = PBXBuildFile; fileRef = DDBD76611FDE5A2C00F81B2B /* ViewController.swift */; };
		DDBD76651FDE5A2C00F81B2B /* Main.storyboard in Resources */ = {isa = PBXBuildFile; fileRef = DDBD76631FDE5A2C00F81B2B /* Main.storyboard */; };
		DDBD76671FDE5A2C00F81B2B /* Assets.xcassets in Resources */ = {isa = PBXBuildFile; fileRef = DDBD76661FDE5A2C00F81B2B /* Assets.xcassets */; };
		DDBD766A1FDE5A2C00F81B2B /* LaunchScreen.storyboard in Resources */ = {isa = PBXBuildFile; fileRef = DDBD76681FDE5A2C00F81B2B /* LaunchScreen.storyboard */; };
/* End PBXBuildFile section */

/* Begin PBXFileReference section */
		DDBD765C1FDE5A2C00F81B2B /* Swift Fun.app */ = {isa = PBXFileReference; explicitFileType = wrapper.application; includeInIndex = 0; path = "Swift Fun.app"; sourceTree = BUILT_PRODUCTS_DIR; };
		DDBD765F1FDE5A2C00F81B2B /* AppDelegate.swift */ = {isa = PBXFileReference; lastKnownFileType = sourcecode.swift; path = AppDelegate.swift; sourceTree = "<group>"; };
		DDBD76611FDE5A2C00F81B2B /* ViewController.swift */ = {isa = PBXFileReference; lastKnownFileType = sourcecode.swift; path = ViewController.swift; sourceTree = "<group>"; };
		DDBD76641FDE5A2C00F81B2B /* Base */ = {isa = PBXFileReference; lastKnownFileType = file.storyboard; name = Base; path = Base.lproj/Main.storyboard; sourceTree = "<group>"; };
		DDBD76661FDE5A2C00F81B2B /* Assets.xcassets */ = {isa = PBXFileReference; lastKnownFileType = folder.assetcatalog; path = Assets.xcassets; sourceTree = "<group>"; };
		DDBD76691FDE5A2C00F81B2B /* Base */ = {isa = PBXFileReference; lastKnownFileType = file.storyboard; name = Base; path = Base.lproj/LaunchScreen.storyboard; sourceTree = "<group>"; };
		DDBD766B1FDE5A2C00F81B2B /* Info.plist */ = {isa = PBXFileReference; lastKnownFileType = text.plist.xml; path = Info.plist; sourceTree = "<group>"; };
/* End PBXFileReference section */

/* Begin PBXFrameworksBuildPhase section */
		DDBD76591FDE5A2C00F81B2B /* Frameworks */ = {
			isa = PBXFrameworksBuildPhase;
			buildActionMask = 2147483647;
			files = (
			);
			runOnlyForDeploymentPostprocessing = 0;
		};
/* End PBXFrameworksBuildPhase section */

/* Begin PBXGroup section */
		DDBD76531FDE5A2C00F81B2B = {
			isa = PBXGroup;
			children = (
				DDBD765E1FDE5A2C00F81B2B /* Swift Fun */,
				DDBD765D1FDE5A2C00F81B2B /* Products */,
			);
			sourceTree = "<group>";
		};
		DDBD765D1FDE5A2C00F81B2B /* Products */ = {
			isa = PBXGroup;
			children = (
				DDBD765C1FDE5A2C00F81B2B /* Swift Fun.app */,
			);
			name = Products;
			sourceTree = "<group>";
		};
		DDBD765E1FDE5A2C00F81B2B /* Swift Fun */ = {
			isa = PBXGroup;
			children = (
				DDBD765F1FDE5A2C00F81B2B /* AppDelegate.swift */,
				DDBD76611FDE5A2C00F81B2B /* ViewController.swift */,
				DDBD76631FDE5A2C00F81B2B /* Main.storyboard */,
				DDBD76661FDE5A2C00F81B2B /* Assets.xcassets */,
				DDBD76681FDE5A2C00F81B2B /* LaunchScreen.storyboard */,
				DDBD766B1FDE5A2C00F81B2B /* Info.plist */,
			);
			path = "Swift Fun";
			sourceTree = "<group>";
		};
/* End PBXGroup section */

/* Begin PBXNativeTarget section */
		DDBD765B1FDE5A2C00F81B2B /* Swift Fun */ = {
			isa = PBXNativeTarget;
			buildConfigurationList = DDBD766E1FDE5A2C00F81B2B /* Build configuration list for PBXNativeTarget "Swift Fun" */;
			buildPhases = (
				DDBD76581FDE5A2C00F81B2B /* Sources */,
				DDBD76591FDE5A2C00F81B2B /* Frameworks */,
				DDBD765A1FDE5A2C00F81B2B /* Resources */,
			);
			buildRules = (
			);
			dependencies = (
			);
			name = "Swift Fun";
			productName = "Swift Fun";
			productReference = DDBD765C1FDE5A2C00F81B2B /* Swift Fun.app */;
			productType = "com.apple.product-type.application";
		};
/* End PBXNativeTarget section */

/* Begin PBXProject section */
		DDBD76541FDE5A2C00F81B2B /* Project object */ = {
			isa = PBXProject;
			attributes = {
				LastSwiftUpdateCheck = 0920;
				LastUpgradeCheck = 0920;
				ORGANIZATIONNAME = "Ryan Ramikie";
				TargetAttributes = {
					DDBD765B1FDE5A2C00F81B2B = {
						CreatedOnToolsVersion = 9.2;
						ProvisioningStyle = Automatic;
					};
				};
			};
			buildConfigurationList = DDBD76571FDE5A2C00F81B2B /* Build configuration list for PBXProject "Swift Fun" */;
			compatibilityVersion = "Xcode 8.0";
			developmentRegion = en;
			hasScannedForEncodings = 0;
			knownRegions = (
				en,
				Base,
			);
			mainGroup = DDBD76531FDE5A2C00F81B2B;
			productRefGroup = DDBD765D1FDE5A2C00F81B2B /* Products */;
			projectDirPath = "";
			projectRoot = "";
			targets = (
				DDBD765B1FDE5A2C00F81B2B /* Swift Fun */,
			);
		};
/* End PBXProject section */

/* Begin PBXResourcesBuildPhase section */
		DDBD765A1FDE5A2C00F81B2B /* Resources */ = {
			isa = PBXResourcesBuildPhase;
			buildActionMask = 2147483647;
			files = (
				DDBD766A1FDE5A2C00F81B2B /* LaunchScreen.storyboard in Resources */,
				DDBD76671FDE5A2C00F81B2B /* Assets.xcassets in Resources */,
				DDBD76651FDE5A2C00F81B2B /* Main.storyboard in Resources */,
			);
			runOnlyForDeploymentPostprocessing = 0;
		};
/* End PBXResourcesBuildPhase section */

/* Begin PBXSourcesBuildPhase section */
		DDBD76581FDE5A2C00F81B2B /* Sources */ = {
			isa = PBXSourcesBuildPhase;
			buildActionMask = 2147483647;
			files = (
				DDBD76621FDE5A2C00F81B2B /* ViewController.swift in Sources */,
				DDBD76601FDE5A2C00F81B2B /* AppDelegate.swift in Sources */,
			);
			runOnlyForDeploymentPostprocessing = 0;
		};
/* End PBXSourcesBuildPhase section */

/* Begin PBXVariantGroup section */
		DDBD76631FDE5A2C00F81B2B /* Main.storyboard */ = {
			isa = PBXVariantGroup;
			children = (
				DDBD76641FDE5A2C00F81B2B /* Base */,
			);
			name = Main.storyboard;
			sourceTree = "<group>";
		};
		DDBD76681FDE5A2C00F81B2B /* LaunchScreen.storyboard */ = {
			isa = PBXVariantGroup;
			children = (
				DDBD76691FDE5A2C00F81B2B /* Base */,
			);
			name = LaunchScreen.storyboard;
			sourceTree = "<group>";
		};
/* End PBXVariantGroup section */

/* Begin XCBuildConfiguration section */
		DDBD766C1FDE5A2C00F81B2B /* Debug */ = {
			isa = XCBuildConfiguration;
			buildSettings = {
				ALWAYS_SEARCH_USER_PATHS = NO;
				CLANG_ANALYZER_NONNULL = YES;
				CLANG_ANALYZER_NUMBER_OBJECT_CONVERSION = YES_AGGRESSIVE;
				CLANG_CXX_LANGUAGE_STANDARD = "gnu++14";
				CLANG_CXX_LIBRARY = "libc++";
				CLANG_ENABLE_MODULES = YES;
				CLANG_ENABLE_OBJC_ARC = YES;
				CLANG_WARN_BLOCK_CAPTURE_AUTORELEASING = YES;
				CLANG_WARN_BOOL_CONVERSION = YES;
				CLANG_WARN_COMMA = YES;
				CLANG_WARN_CONSTANT_CONVERSION = YES;
				CLANG_WARN_DIRECT_OBJC_ISA_USAGE = YES_ERROR;
				CLANG_WARN_DOCUMENTATION_COMMENTS = YES;
				CLANG_WARN_EMPTY_BODY = YES;
				CLANG_WARN_ENUM_CONVERSION = YES;
				CLANG_WARN_INFINITE_RECURSION = YES;
				CLANG_WARN_INT_CONVERSION = YES;
				CLANG_WARN_NON_LITERAL_NULL_CONVERSION = YES;
				CLANG_WARN_OBJC_LITERAL_CONVERSION = YES;
				CLANG_WARN_OBJC_ROOT_CLASS = YES_ERROR;
				CLANG_WARN_RANGE_LOOP_ANALYSIS = YES;
				CLANG_WARN_STRICT_PROTOTYPES = YES;
				CLANG_WARN_SUSPICIOUS_MOVE = YES;
				CLANG_WARN_UNGUARDED_AVAILABILITY = YES_AGGRESSIVE;
				CLANG_WARN_UNREACHABLE_CODE = YES;
				CLANG_WARN__DUPLICATE_METHOD_MATCH = YES;
				CODE_SIGN_IDENTITY = "iPhone Developer";
				COPY_PHASE_STRIP = NO;
				DEBUG_INFORMATION_FORMAT = dwarf;
				ENABLE_STRICT_OBJC_MSGSEND = YES;
				ENABLE_TESTABILITY = YES;
				GCC_C_LANGUAGE_STANDARD = gnu11;
				GCC_DYNAMIC_NO_PIC = NO;
				GCC_NO_COMMON_BLOCKS = YES;
				GCC_OPTIMIZATION_LEVEL = 0;
				GCC_PREPROCESSOR_DEFINITIONS = (
					"DEBUG=1",
					"$(inherited)",
				);
				GCC_WARN_64_TO_32_BIT_CONVERSION = YES;
				GCC_WARN_ABOUT_RETURN_TYPE = YES_ERROR;
				GCC_WARN_UNDECLARED_SELECTOR = YES;
				GCC_WARN_UNINITIALIZED_AUTOS = YES_AGGRESSIVE;
				GCC_WARN_UNUSED_FUNCTION = YES;
				GCC_WARN_UNUSED_VARIABLE = YES;
				IPHONEOS_DEPLOYMENT_TARGET = 11.2;
				MTL_ENABLE_DEBUG_INFO = YES;
				ONLY_ACTIVE_ARCH = YES;
				SDKROOT = iphoneos;
				SWIFT_ACTIVE_COMPILATION_CONDITIONS = DEBUG;
				SWIFT_OPTIMIZATION_LEVEL = "-Onone";
			};
			name = Debug;
		};
		DDBD766D1FDE5A2C00F81B2B /* Release */ = {
			isa = XCBuildConfiguration;
			buildSettings = {
				ALWAYS_SEARCH_USER_PATHS = NO;
				CLANG_ANALYZER_NONNULL = YES;
				CLANG_ANALYZER_NUMBER_OBJECT_CONVERSION = YES_AGGRESSIVE;
				CLANG_CXX_LANGUAGE_STANDARD = "gnu++14";
				CLANG_CXX_LIBRARY = "libc++";
				CLANG_ENABLE_MODULES = YES;
				CLANG_ENABLE_OBJC_ARC = YES;
				CLANG_WARN_BLOCK_CAPTURE_AUTORELEASING = YES;
				CLANG_WARN_BOOL_CONVERSION = YES;
				CLANG_WARN_COMMA = YES;
				CLANG_WARN_CONSTANT_CONVERSION = YES;
				CLANG_WARN_DIRECT_OBJC_ISA_USAGE = YES_ERROR;
				CLANG_WARN_DOCUMENTATION_COMMENTS = YES;
				CLANG_WARN_EMPTY_BODY = YES;
				CLANG_WARN_ENUM_CONVERSION = YES;
				CLANG_WARN_INFINITE_RECURSION = YES;
				CLANG_WARN_INT_CONVERSION = YES;
				CLANG_WARN_NON_LITERAL_NULL_CONVERSION = YES;
				CLANG_WARN_OBJC_LITERAL_CONVERSION = YES;
				CLANG_WARN_OBJC_ROOT_CLASS = YES_ERROR;
				CLANG_WARN_RANGE_LOOP_ANALYSIS = YES;
				CLANG_WARN_STRICT_PROTOTYPES = YES;
				CLANG_WARN_SUSPICIOUS_MOVE = YES;
				CLANG_WARN_UNGUARDED_AVAILABILITY = YES_AGGRESSIVE;
				CLANG_WARN_UNREACHABLE_CODE = YES;
				CLANG_WARN__DUPLICATE_METHOD_MATCH = YES;
				CODE_SIGN_IDENTITY = "iPhone Developer";
				COPY_PHASE_STRIP = NO;
				DEBUG_INFORMATION_FORMAT = "dwarf-with-dsym";
				ENABLE_NS_ASSERTIONS = NO;
				ENABLE_STRICT_OBJC_MSGSEND = YES;
				GCC_C_LANGUAGE_STANDARD = gnu11;
				GCC_NO_COMMON_BLOCKS = YES;
				GCC_WARN_64_TO_32_BIT_CONVERSION = YES;
				GCC_WARN_ABOUT_RETURN_TYPE = YES_ERROR;
				GCC_WARN_UNDECLARED_SELECTOR = YES;
				GCC_WARN_UNINITIALIZED_AUTOS = YES_AGGRESSIVE;
				GCC_WARN_UNUSED_FUNCTION = YES;
				GCC_WARN_UNUSED_VARIABLE = YES;
				IPHONEOS_DEPLOYMENT_TARGET = 11.2;
				MTL_ENABLE_DEBUG_INFO = NO;
				SDKROOT = iphoneos;
				SWIFT_OPTIMIZATION_LEVEL = "-Owholemodule";
				VALIDATE_PRODUCT = YES;
			};
			name = Release;
		};
		DDBD766F1FDE5A2C00F81B2B /* Debug */ = {
			isa = XCBuildConfiguration;
			buildSettings = {
				ASSETCATALOG_COMPILER_APPICON_NAME = AppIcon;
				CODE_SIGN_STYLE = Automatic;
				INFOPLIST_FILE = "Swift Fun/Info.plist";
				LD_RUNPATH_SEARCH_PATHS = "$(inherited) @executable_path/Frameworks";
				PRODUCT_BUNDLE_IDENTIFIER = "Ryan.R.Swift-Fun";
				PRODUCT_NAME = "$(TARGET_NAME)";
				SWIFT_VERSION = 4.0;
				TARGETED_DEVICE_FAMILY = "1,2";
			};
			name = Debug;
		};
		DDBD76701FDE5A2C00F81B2B /* Release */ = {
			isa = XCBuildConfiguration;
			buildSettings = {
				ASSETCATALOG_COMPILER_APPICON_NAME = AppIcon;
				CODE_SIGN_STYLE = Automatic;
				INFOPLIST_FILE = "Swift Fun/Info.plist";
				LD_RUNPATH_SEARCH_PATHS = "$(inherited) @executable_path/Frameworks";
				PRODUCT_BUNDLE_IDENTIFIER = "Ryan.R.Swift-Fun";
				PRODUCT_NAME = "$(TARGET_NAME)";
				SWIFT_VERSION = 4.0;
				TARGETED_DEVICE_FAMILY = "1,2";
			};
			name = Release;
		};
/* End XCBuildConfiguration section */

/* Begin XCConfigurationList section */
		DDBD76571FDE5A2C00F81B2B /* Build configuration list for PBXProject "Swift Fun" */ = {
			isa = XCConfigurationList;
			buildConfigurations = (
				DDBD766C1FDE5A2C00F81B2B /* Debug */,
				DDBD766D1FDE5A2C00F81B2B /* Release */,
			);
			defaultConfigurationIsVisible = 0;
			defaultConfigurationName = Release;
		};
		DDBD766E1FDE5A2C00F81B2B /* Build configuration list for PBXNativeTarget "Swift Fun" */ = {
			isa = XCConfigurationList;
			buildConfigurations = (
				DDBD766F1FDE5A2C00F81B2B /* Debug */,
				DDBD76701FDE5A2C00F81B2B /* Release */,
			);
			defaultConfigurationIsVisible = 0;
			defaultConfigurationName = Release;
		};
/* End XCConfigurationList section */
	};
	rootObject = DDBD76541FDE5A2C00F81B2B /* Project object */;
}
